
Microsoft Visual Studio Solution File, Format Version 12.00
# Visual Studio Version 17
VisualStudioVersion = 17.5.002.0
MinimumVisualStudioVersion = 10.0.40219.1
Project("{9A19103F-16F7-4668-BE54-9A1E7A4F7556}") = "Task2", "Task2.csproj", "{A389D90F-5277-4BFD-9441-24302404670C}"
EndProject
Global
	GlobalSection(SolutionConfigurationPlatforms) = preSolution
		Debug|Any CPU = Debug|Any CPU
		Release|Any CPU = Release|Any CPU
	EndGlobalSection
	GlobalSection(ProjectConfigurationPlatforms) = postSolution
		{A389D90F-5277-4BFD-9441-24302404670C}.Debug|Any CPU.ActiveCfg = Debug|Any CPU
		{A389D90F-5277-4BFD-9441-24302404670C}.Debug|Any CPU.Build.0 = Debug|Any CPU
		{A389D90F-5277-4BFD-9441-24302404670C}.Release|Any CPU.ActiveCfg = Release|Any CPU
		{A389D90F-5277-4BFD-9441-24302404670C}.Release|Any CPU.Build.0 = Release|Any CPU
	EndGlobalSection
	GlobalSection(SolutionProperties) = preSolution
		HideSolutionNode = FALSE
	EndGlobalSection
	GlobalSection(ExtensibilityGlobals) = postSolution
		SolutionGuid = {B5AAE57E-4114-476E-AE54-C31826105917}
	EndGlobalSection
EndGlobal
